// !$*UTF8*$!
{
	archiveVersion = 1;
	classes = {
	};
	objectVersion = 46;
	objects = {

/* Begin PBXBuildFile section */
		82ABA3981AD9BA8400F3A32C /* main.swift in Sources */ = {isa = PBXBuildFile; fileRef = 82ABA3971AD9BA8400F3A32C /* main.swift */; };
/* End PBXBuildFile section */

/* Begin PBXCopyFilesBuildPhase section */
		82ABA3921AD9BA8400F3A32C /* CopyFiles */ = {
			isa = PBXCopyFilesBuildPhase;
			buildActionMask = 2147483647;
			dstPath = /usr/share/man/man1/;
			dstSubfolderSpec = 0;
			files = (
			);
			runOnlyForDeploymentPostprocessing = 1;
		};
/* End PBXCopyFilesBuildPhase section */

/* Begin PBXFileReference section */
		82ABA3941AD9BA8400F3A32C /* Project5 Tester */ = {isa = PBXFileReference; explicitFileType = "compiled.mach-o.executable"; includeInIndex = 0; path = "Project5 Tester"; sourceTree = BUILT_PRODUCTS_DIR; };
		82ABA3971AD9BA8400F3A32C /* main.swift */ = {isa = PBXFileReference; lastKnownFileType = sourcecode.swift; path = main.swift; sourceTree = "<group>"; };
/* End PBXFileReference section */

/* Begin PBXFrameworksBuildPhase section */
		82ABA3911AD9BA8400F3A32C /* Frameworks */ = {
			isa = PBXFrameworksBuildPhase;
			buildActionMask = 2147483647;
			files = (
			);
			runOnlyForDeploymentPostprocessing = 0;
		};
/* End PBXFrameworksBuildPhase section */

/* Begin PBXGroup section */
		82ABA38B1AD9BA8400F3A32C = {
			isa = PBXGroup;
			children = (
				82ABA3961AD9BA8400F3A32C /* Project5 Tester */,
				82ABA3951AD9BA8400F3A32C /* Products */,
			);
			sourceTree = "<group>";
		};
		82ABA3951AD9BA8400F3A32C /* Products */ = {
			isa = PBXGroup;
			children = (
				82ABA3941AD9BA8400F3A32C /* Project5 Tester */,
			);
			name = Products;
			sourceTree = "<group>";
		};
		82ABA3961AD9BA8400F3A32C /* Project5 Tester */ = {
			isa = PBXGroup;
			children = (
				82ABA3971AD9BA8400F3A32C /* main.swift */,
			);
			path = "Project5 Tester";
			sourceTree = "<group>";
		};
/* End PBXGroup section */

/* Begin PBXNativeTarget section */
		82ABA3931AD9BA8400F3A32C /* Project5 Tester */ = {
			isa = PBXNativeTarget;
			buildConfigurationList = 82ABA39B1AD9BA8400F3A32C /* Build configuration list for PBXNativeTarget "Project5 Tester" */;
			buildPhases = (
				82ABA3901AD9BA8400F3A32C /* Sources */,
				82ABA3911AD9BA8400F3A32C /* Frameworks */,
				82ABA3921AD9BA8400F3A32C /* CopyFiles */,
				82ABA39E1AD9BB9E00F3A32C /* ShellScript */,
			);
			buildRules = (
			);
			dependencies = (
			);
			name = "Project5 Tester";
			productName = "Project5 Tester";
			productReference = 82ABA3941AD9BA8400F3A32C /* Project5 Tester */;
			productType = "com.apple.product-type.tool";
		};
/* End PBXNativeTarget section */

/* Begin PBXProject section */
		82ABA38C1AD9BA8400F3A32C /* Project object */ = {
			isa = PBXProject;
			attributes = {
				LastUpgradeCheck = 0630;
				ORGANIZATIONNAME = "Manav Gabhawala";
				TargetAttributes = {
					82ABA3931AD9BA8400F3A32C = {
						CreatedOnToolsVersion = 6.3;
					};
				};
			};
			buildConfigurationList = 82ABA38F1AD9BA8400F3A32C /* Build configuration list for PBXProject "Project5 Tester" */;
			compatibilityVersion = "Xcode 3.2";
			developmentRegion = English;
			hasScannedForEncodings = 0;
			knownRegions = (
				en,
			);
			mainGroup = 82ABA38B1AD9BA8400F3A32C;
			productRefGroup = 82ABA3951AD9BA8400F3A32C /* Products */;
			projectDirPath = "";
			projectRoot = "";
			targets = (
				82ABA3931AD9BA8400F3A32C /* Project5 Tester */,
			);
		};
/* End PBXProject section */

/* Begin PBXShellScriptBuildPhase section */
		82ABA39E1AD9BB9E00F3A32C /* ShellScript */ = {
			isa = PBXShellScriptBuildPhase;
			buildActionMask = 2147483647;
			files = (
			);
			inputPaths = (
			);
			outputPaths = (
			);
			runOnlyForDeploymentPostprocessing = 0;
			shellPath = /bin/sh;
			shellScript = "TAGS=\"TODO:|FIXME:\"\necho \"searching ${SRCROOT} for ${TAGS}\"\nfind \"${SRCROOT}\" \\( -name \"*.swift\" \\) -print0 | xargs -0 egrep --with-filename --line-number --only-matching \"($TAGS).*\\$\" | perl -p -e \"s/($TAGS)/ warning: \\$1/\"";
		};
/* End PBXShellScriptBuildPhase section */

/* Begin PBXSourcesBuildPhase section */
		82ABA3901AD9BA8400F3A32C /* Sources */ = {
			isa = PBXSourcesBuildPhase;
			buildActionMask = 2147483647;
			files = (
				82ABA3981AD9BA8400F3A32C /* main.swift in Sources */,
			);
			runOnlyForDeploymentPostprocessing = 0;
		};
/* End PBXSourcesBuildPhase section */

/* Begin XCBuildConfiguration section */
		82ABA3991AD9BA8400F3A32C /* Debug */ = {
			isa = XCBuildConfiguration;
			buildSettings = {
				ALWAYS_SEARCH_USER_PATHS = NO;
				CLANG_CXX_LANGUAGE_STANDARD = "gnu++0x";
				CLANG_CXX_LIBRARY = "libc++";
				CLANG_ENABLE_MODULES = YES;
				CLANG_ENABLE_OBJC_ARC = YES;
				CLANG_WARN_BOOL_CONVERSION = YES;
				CLANG_WARN_CONSTANT_CONVERSION = YES;
				CLANG_WARN_DIRECT_OBJC_ISA_USAGE = YES_ERROR;
				CLANG_WARN_EMPTY_BODY = YES;
				CLANG_WARN_ENUM_CONVERSION = YES;
				CLANG_WARN_INT_CONVERSION = YES;
				CLANG_WARN_OBJC_ROOT_CLASS = YES_ERROR;
				CLANG_WARN_UNREACHABLE_CODE = YES;
				CLANG_WARN__DUPLICATE_METHOD_MATCH = YES;
				COPY_PHASE_STRIP = NO;
				DEBUG_INFORMATION_FORMAT = dwarf;
				ENABLE_STRICT_OBJC_MSGSEND = YES;
				GCC_C_LANGUAGE_STANDARD = gnu99;
				GCC_DYNAMIC_NO_PIC = NO;
				GCC_NO_COMMON_BLOCKS = YES;
				GCC_OPTIMIZATION_LEVEL = 0;
				GCC_PREPROCESSOR_DEFINITIONS = (
					"DEBUG=1",
					"$(inherited)",
				);
				GCC_SYMBOLS_PRIVATE_EXTERN = NO;
				GCC_WARN_64_TO_32_BIT_CONVERSION = YES;
				GCC_WARN_ABOUT_RETURN_TYPE = YES_ERROR;
				GCC_WARN_UNDECLARED_SELECTOR = YES;
				GCC_WARN_UNINITIALIZED_AUTOS = YES_AGGRESSIVE;
				GCC_WARN_UNUSED_FUNCTION = YES;
				GCC_WARN_UNUSED_VARIABLE = YES;
				MACOSX_DEPLOYMENT_TARGET = 10.10;
				MTL_ENABLE_DEBUG_INFO = YES;
				ONLY_ACTIVE_ARCH = YES;
				SDKROOT = macosx;
				SWIFT_OPTIMIZATION_LEVEL = "-Onone";
			};
			name = Debug;
		};
		82ABA39A1AD9BA8400F3A32C /* Release */ = {
			isa = XCBuildConfiguration;
			buildSettings = {
				ALWAYS_SEARCH_USER_PATHS = NO;
				CLANG_CXX_LANGUAGE_STANDARD = "gnu++0x";
				CLANG_CXX_LIBRARY = "libc++";
				CLANG_ENABLE_MODULES = YES;
				CLANG_ENABLE_OBJC_ARC = YES;
				CLANG_WARN_BOOL_CONVERSION = YES;
				CLANG_WARN_CONSTANT_CONVERSION = YES;
				CLANG_WARN_DIRECT_OBJC_ISA_USAGE = YES_ERROR;
				CLANG_WARN_EMPTY_BODY = YES;
				CLANG_WARN_ENUM_CONVERSION = YES;
				CLANG_WARN_INT_CONVERSION = YES;
				CLANG_WARN_OBJC_ROOT_CLASS = YES_ERROR;
				CLANG_WARN_UNREACHABLE_CODE = YES;
				CLANG_WARN__DUPLICATE_METHOD_MATCH = YES;
				COPY_PHASE_STRIP = NO;
				DEBUG_INFORMATION_FORMAT = "dwarf-with-dsym";
				ENABLE_NS_ASSERTIONS = NO;
				ENABLE_STRICT_OBJC_MSGSEND = YES;
				GCC_C_LANGUAGE_STANDARD = gnu99;
				GCC_NO_COMMON_BLOCKS = YES;
				GCC_WARN_64_TO_32_BIT_CONVERSION = YES;
				GCC_WARN_ABOUT_RETURN_TYPE = YES_ERROR;
				GCC_WARN_UNDECLARED_SELECTOR = YES;
				GCC_WARN_UNINITIALIZED_AUTOS = YES_AGGRESSIVE;
				GCC_WARN_UNUSED_FUNCTION = YES;
				GCC_WARN_UNUSED_VARIABLE = YES;
				MACOSX_DEPLOYMENT_TARGET = 10.10;
				MTL_ENABLE_DEBUG_INFO = NO;
				SDKROOT = macosx;
			};
			name = Release;
		};
		82ABA39C1AD9BA8400F3A32C /* Debug */ = {
			isa = XCBuildConfiguration;
			buildSettings = {
				PRODUCT_NAME = "$(TARGET_NAME)";
			};
			name = Debug;
		};
		82ABA39D1AD9BA8400F3A32C /* Release */ = {
			isa = XCBuildConfiguration;
			buildSettings = {
				PRODUCT_NAME = "$(TARGET_NAME)";
			};
			name = Release;
		};
/* End XCBuildConfiguration section */

/* Begin XCConfigurationList section */
		82ABA38F1AD9BA8400F3A32C /* Build configuration list for PBXProject "Project5 Tester" */ = {
			isa = XCConfigurationList;
			buildConfigurations = (
				82ABA3991AD9BA8400F3A32C /* Debug */,
				82ABA39A1AD9BA8400F3A32C /* Release */,
			);
			defaultConfigurationIsVisible = 0;
			defaultConfigurationName = Release;
		};
		82ABA39B1AD9BA8400F3A32C /* Build configuration list for PBXNativeTarget "Project5 Tester" */ = {
			isa = XCConfigurationList;
			buildConfigurations = (
				82ABA39C1AD9BA8400F3A32C /* Debug */,
				82ABA39D1AD9BA8400F3A32C /* Release */,
			);
			defaultConfigurationIsVisible = 0;
		};
/* End XCConfigurationList section */
	};
	rootObject = 82ABA38C1AD9BA8400F3A32C /* Project object */;
}
